
Microsoft Visual Studio Solution File, Format Version 12.00
# Visual Studio Version 16
VisualStudioVersion = 16.0.31005.135
MinimumVisualStudioVersion = 10.0.40219.1
Project("{FAE04EC0-301F-11D3-BF4B-00C04F79EFBC}") = "CRUD.Web.API", "CRUD.Web.API.csproj", "{BF10B53A-EABC-4E14-8B54-6C28E2202AAB}"
EndProject
Global
	GlobalSection(SolutionConfigurationPlatforms) = preSolution
		Debug|Any CPU = Debug|Any CPU
		Release|Any CPU = Release|Any CPU
	EndGlobalSection
	GlobalSection(ProjectConfigurationPlatforms) = postSolution
		{BF10B53A-EABC-4E14-8B54-6C28E2202AAB}.Debug|Any CPU.ActiveCfg = Debug|Any CPU
		{BF10B53A-EABC-4E14-8B54-6C28E2202AAB}.Debug|Any CPU.Build.0 = Debug|Any CPU
		{BF10B53A-EABC-4E14-8B54-6C28E2202AAB}.Release|Any CPU.ActiveCfg = Release|Any CPU
		{BF10B53A-EABC-4E14-8B54-6C28E2202AAB}.Release|Any CPU.Build.0 = Release|Any CPU
	EndGlobalSection
	GlobalSection(SolutionProperties) = preSolution
		HideSolutionNode = FALSE
	EndGlobalSection
	GlobalSection(ExtensibilityGlobals) = postSolution
		SolutionGuid = {2045A316-E18F-4266-A195-5BA68284CDFB}
	EndGlobalSection
EndGlobal
